
Microsoft Visual Studio Solution File, Format Version 12.00
# Visual Studio Version 16
VisualStudioVersion = 16.0.30114.105
MinimumVisualStudioVersion = 10.0.40219.1
Project("{2150E333-8FDC-42A3-9474-1A3956D46DE8}") = "src", "src", "{605EF60F-7986-4FA9-8F6F-956B96B4B9C8}"
EndProject
Project("{FAE04EC0-301F-11D3-BF4B-00C04F79EFBC}") = "csv-sorter.server", "src\csv-sorter.server\csv-sorter.server.csproj", "{F03A507D-92D9-4434-A9AE-F40716C72C9A}"
EndProject
Project("{FAE04EC0-301F-11D3-BF4B-00C04F79EFBC}") = "csv-sorter.tests", "src\csv-sorter.tests\csv-sorter.tests.csproj", "{7F939408-3B1F-45E7-B155-E0399C99910E}"
EndProject
Global
	GlobalSection(SolutionConfigurationPlatforms) = preSolution
		Debug|Any CPU = Debug|Any CPU
		Release|Any CPU = Release|Any CPU
	EndGlobalSection
	GlobalSection(SolutionProperties) = preSolution
		HideSolutionNode = FALSE
	EndGlobalSection
	GlobalSection(ProjectConfigurationPlatforms) = postSolution
		{F03A507D-92D9-4434-A9AE-F40716C72C9A}.Debug|Any CPU.ActiveCfg = Debug|Any CPU
		{F03A507D-92D9-4434-A9AE-F40716C72C9A}.Debug|Any CPU.Build.0 = Debug|Any CPU
		{F03A507D-92D9-4434-A9AE-F40716C72C9A}.Release|Any CPU.ActiveCfg = Release|Any CPU
		{F03A507D-92D9-4434-A9AE-F40716C72C9A}.Release|Any CPU.Build.0 = Release|Any CPU
		{7F939408-3B1F-45E7-B155-E0399C99910E}.Debug|Any CPU.ActiveCfg = Debug|Any CPU
		{7F939408-3B1F-45E7-B155-E0399C99910E}.Debug|Any CPU.Build.0 = Debug|Any CPU
		{7F939408-3B1F-45E7-B155-E0399C99910E}.Release|Any CPU.ActiveCfg = Release|Any CPU
		{7F939408-3B1F-45E7-B155-E0399C99910E}.Release|Any CPU.Build.0 = Release|Any CPU
	EndGlobalSection
	GlobalSection(NestedProjects) = preSolution
		{F03A507D-92D9-4434-A9AE-F40716C72C9A} = {605EF60F-7986-4FA9-8F6F-956B96B4B9C8}
		{7F939408-3B1F-45E7-B155-E0399C99910E} = {605EF60F-7986-4FA9-8F6F-956B96B4B9C8}
	EndGlobalSection
EndGlobal
